
Microsoft Visual Studio Solution File, Format Version 12.00
# Visual Studio Version 17
VisualStudioVersion = 17.6.33712.159
MinimumVisualStudioVersion = 10.0.40219.1
Project("{FAE04EC0-301F-11D3-BF4B-00C04F79EFBC}") = "registrationform", "registrationform\registrationform.csproj", "{D63F27EE-531C-414B-A656-BFD3DC45C154}"
EndProject
Global
	GlobalSection(SolutionConfigurationPlatforms) = preSolution
		Debug|Any CPU = Debug|Any CPU
		Release|Any CPU = Release|Any CPU
	EndGlobalSection
	GlobalSection(ProjectConfigurationPlatforms) = postSolution
		{D63F27EE-531C-414B-A656-BFD3DC45C154}.Debug|Any CPU.ActiveCfg = Debug|Any CPU
		{D63F27EE-531C-414B-A656-BFD3DC45C154}.Debug|Any CPU.Build.0 = Debug|Any CPU
		{D63F27EE-531C-414B-A656-BFD3DC45C154}.Release|Any CPU.ActiveCfg = Release|Any CPU
		{D63F27EE-531C-414B-A656-BFD3DC45C154}.Release|Any CPU.Build.0 = Release|Any CPU
	EndGlobalSection
	GlobalSection(SolutionProperties) = preSolution
		HideSolutionNode = FALSE
	EndGlobalSection
	GlobalSection(ExtensibilityGlobals) = postSolution
		SolutionGuid = {588C5D63-09C7-4EEC-BDEA-C4B735C0E1E2}
	EndGlobalSection
EndGlobal
